
Microsoft Visual Studio Solution File, Format Version 12.00
# Visual Studio Version 17
VisualStudioVersion = 17.2.32630.192
MinimumVisualStudioVersion = 10.0.40219.1
Project("{FAE04EC0-301F-11D3-BF4B-00C04F79EFBC}") = "BookCatalog", "BookCatalog\BookCatalog.csproj", "{CCA0356A-1948-45D7-8EFD-DEADED877380}"
EndProject
Global
	GlobalSection(SolutionConfigurationPlatforms) = preSolution
		Debug|Any CPU = Debug|Any CPU
		Release|Any CPU = Release|Any CPU
	EndGlobalSection
	GlobalSection(ProjectConfigurationPlatforms) = postSolution
		{CCA0356A-1948-45D7-8EFD-DEADED877380}.Debug|Any CPU.ActiveCfg = Debug|Any CPU
		{CCA0356A-1948-45D7-8EFD-DEADED877380}.Debug|Any CPU.Build.0 = Debug|Any CPU
		{CCA0356A-1948-45D7-8EFD-DEADED877380}.Release|Any CPU.ActiveCfg = Release|Any CPU
		{CCA0356A-1948-45D7-8EFD-DEADED877380}.Release|Any CPU.Build.0 = Release|Any CPU
	EndGlobalSection
	GlobalSection(SolutionProperties) = preSolution
		HideSolutionNode = FALSE
	EndGlobalSection
	GlobalSection(ExtensibilityGlobals) = postSolution
		SolutionGuid = {2E0303A9-28BF-4D2C-A0E9-64AD32E24BCE}
	EndGlobalSection
EndGlobal
